
Microsoft Visual Studio Solution File, Format Version 11.00
# Visual Studio 2010
Project("{FAE04EC0-301F-11D3-BF4B-00C04F79EFBC}") = "ImagingPS", "ImagingPS\ImagingPS.csproj", "{D6DCE176-39E3-4695-AD4E-7041A30B7E1B}"
EndProject
Global
	GlobalSection(SolutionConfigurationPlatforms) = preSolution
		Debug|Any CPU = Debug|Any CPU
		Release|Any CPU = Release|Any CPU
	EndGlobalSection
	GlobalSection(ProjectConfigurationPlatforms) = postSolution
		{D6DCE176-39E3-4695-AD4E-7041A30B7E1B}.Debug|Any CPU.ActiveCfg = Debug|Any CPU
		{D6DCE176-39E3-4695-AD4E-7041A30B7E1B}.Debug|Any CPU.Build.0 = Debug|Any CPU
		{D6DCE176-39E3-4695-AD4E-7041A30B7E1B}.Release|Any CPU.ActiveCfg = Release|Any CPU
		{D6DCE176-39E3-4695-AD4E-7041A30B7E1B}.Release|Any CPU.Build.0 = Release|Any CPU
	EndGlobalSection
	GlobalSection(SolutionProperties) = preSolution
		HideSolutionNode = FALSE
	EndGlobalSection
EndGlobal
