
Microsoft Visual Studio Solution File, Format Version 11.00
# Visual Studio 2010
Project("{888888A0-9F3D-457C-B088-3A5042F75D52}") = "mp3_move_to_artist_folder", "mp3_move_to_artist_folder\mp3_move_to_artist_folder.pyproj", "{7AAA065F-B5DA-4D72-8D48-7E83621E96B1}"
EndProject
Global
	GlobalSection(SolutionConfigurationPlatforms) = preSolution
		Debug|Any CPU = Debug|Any CPU
		Release|Any CPU = Release|Any CPU
	EndGlobalSection
	GlobalSection(ProjectConfigurationPlatforms) = postSolution
		{7AAA065F-B5DA-4D72-8D48-7E83621E96B1}.Debug|Any CPU.ActiveCfg = Debug|Any CPU
		{7AAA065F-B5DA-4D72-8D48-7E83621E96B1}.Release|Any CPU.ActiveCfg = Release|Any CPU
	EndGlobalSection
	GlobalSection(SolutionProperties) = preSolution
		HideSolutionNode = FALSE
	EndGlobalSection
EndGlobal
