
Microsoft Visual Studio Solution File, Format Version 12.00
# Visual Studio 2013
VisualStudioVersion = 12.0.21005.1
MinimumVisualStudioVersion = 10.0.40219.1
Project("{FAE04EC0-301F-11D3-BF4B-00C04F79EFBC}") = "FastStringSplit", "FastStringSplit\FastStringSplit.csproj", "{4FB4B24B-3C14-4E10-AF99-B174E84167BB}"
EndProject
Project("{FAE04EC0-301F-11D3-BF4B-00C04F79EFBC}") = "TestFastStringSplit", "TestFastStringSplit\TestFastStringSplit.csproj", "{D76B7D0A-D073-4DA1-BE08-C8D9C4558412}"
EndProject
Global
	GlobalSection(SolutionConfigurationPlatforms) = preSolution
		Debug|Any CPU = Debug|Any CPU
		Release|Any CPU = Release|Any CPU
	EndGlobalSection
	GlobalSection(ProjectConfigurationPlatforms) = postSolution
		{4FB4B24B-3C14-4E10-AF99-B174E84167BB}.Debug|Any CPU.ActiveCfg = Debug|Any CPU
		{4FB4B24B-3C14-4E10-AF99-B174E84167BB}.Debug|Any CPU.Build.0 = Debug|Any CPU
		{4FB4B24B-3C14-4E10-AF99-B174E84167BB}.Release|Any CPU.ActiveCfg = Release|Any CPU
		{4FB4B24B-3C14-4E10-AF99-B174E84167BB}.Release|Any CPU.Build.0 = Release|Any CPU
		{D76B7D0A-D073-4DA1-BE08-C8D9C4558412}.Debug|Any CPU.ActiveCfg = Debug|Any CPU
		{D76B7D0A-D073-4DA1-BE08-C8D9C4558412}.Debug|Any CPU.Build.0 = Debug|Any CPU
		{D76B7D0A-D073-4DA1-BE08-C8D9C4558412}.Release|Any CPU.ActiveCfg = Release|Any CPU
		{D76B7D0A-D073-4DA1-BE08-C8D9C4558412}.Release|Any CPU.Build.0 = Release|Any CPU
	EndGlobalSection
	GlobalSection(SolutionProperties) = preSolution
		HideSolutionNode = FALSE
	EndGlobalSection
EndGlobal
