
Microsoft Visual Studio Solution File, Format Version 12.00
# Visual Studio 2013
VisualStudioVersion = 12.0.30723.0
MinimumVisualStudioVersion = 10.0.40219.1
Project("{2150E333-8FDC-42A3-9474-1A3956D46DE8}") = "Solution Items", "Solution Items", "{9AAB7EFB-5B09-4B42-9FC9-66973D9FF384}"
	ProjectSection(SolutionItems) = preProject
		LocalTestRun.testrunconfig = LocalTestRun.testrunconfig
		MarkDownHandler.vsmdi = MarkDownHandler.vsmdi
	EndProjectSection
EndProject
Project("{FAE04EC0-301F-11D3-BF4B-00C04F79EFBC}") = "MarkdownHandler", "MarkDownHandler\MarkdownHandler.csproj", "{B36C87E3-5BF1-4D03-B9B2-900CA3937FAE}"
EndProject
Global
	GlobalSection(SolutionConfigurationPlatforms) = preSolution
		Debug|Any CPU = Debug|Any CPU
		Release|Any CPU = Release|Any CPU
	EndGlobalSection
	GlobalSection(ProjectConfigurationPlatforms) = postSolution
		{B36C87E3-5BF1-4D03-B9B2-900CA3937FAE}.Debug|Any CPU.ActiveCfg = Debug|Any CPU
		{B36C87E3-5BF1-4D03-B9B2-900CA3937FAE}.Debug|Any CPU.Build.0 = Debug|Any CPU
		{B36C87E3-5BF1-4D03-B9B2-900CA3937FAE}.Release|Any CPU.ActiveCfg = Release|Any CPU
		{B36C87E3-5BF1-4D03-B9B2-900CA3937FAE}.Release|Any CPU.Build.0 = Release|Any CPU
	EndGlobalSection
	GlobalSection(SolutionProperties) = preSolution
		HideSolutionNode = FALSE
	EndGlobalSection
	GlobalSection(TestCaseManagementSettings) = postSolution
		CategoryFile = MarkDownHandler.vsmdi
	EndGlobalSection
EndGlobal
