
Microsoft Visual Studio Solution File, Format Version 10.00
# Visual Studio 2008
Project("{FAE04EC0-301F-11D3-BF4B-00C04F79EFBC}") = "DemoXAMLReporting", "DemoXAMLReporting\DemoXAMLReporting.csproj", "{D6305C49-59BE-42D2-923E-425F4044E1E4}"
EndProject
Global
	GlobalSection(SolutionConfigurationPlatforms) = preSolution
		Debug|Any CPU = Debug|Any CPU
		Release|Any CPU = Release|Any CPU
	EndGlobalSection
	GlobalSection(ProjectConfigurationPlatforms) = postSolution
		{D6305C49-59BE-42D2-923E-425F4044E1E4}.Debug|Any CPU.ActiveCfg = Debug|Any CPU
		{D6305C49-59BE-42D2-923E-425F4044E1E4}.Debug|Any CPU.Build.0 = Debug|Any CPU
		{D6305C49-59BE-42D2-923E-425F4044E1E4}.Release|Any CPU.ActiveCfg = Release|Any CPU
		{D6305C49-59BE-42D2-923E-425F4044E1E4}.Release|Any CPU.Build.0 = Release|Any CPU
	EndGlobalSection
	GlobalSection(SolutionProperties) = preSolution
		HideSolutionNode = FALSE
	EndGlobalSection
EndGlobal
