
Microsoft Visual Studio Solution File, Format Version 11.00
# Visual Studio 2010
Project("{FAE04EC0-301F-11D3-BF4B-00C04F79EFBC}") = "DemoURLProtocolHandler", "DemoURLProtocolHandler\DemoURLProtocolHandler.csproj", "{58D31664-0CC8-4E6E-A19C-E057EF12FC9E}"
EndProject
Global
	GlobalSection(SolutionConfigurationPlatforms) = preSolution
		Debug|x86 = Debug|x86
		Release|x86 = Release|x86
	EndGlobalSection
	GlobalSection(ProjectConfigurationPlatforms) = postSolution
		{58D31664-0CC8-4E6E-A19C-E057EF12FC9E}.Debug|x86.ActiveCfg = Debug|x86
		{58D31664-0CC8-4E6E-A19C-E057EF12FC9E}.Debug|x86.Build.0 = Debug|x86
		{58D31664-0CC8-4E6E-A19C-E057EF12FC9E}.Release|x86.ActiveCfg = Release|x86
		{58D31664-0CC8-4E6E-A19C-E057EF12FC9E}.Release|x86.Build.0 = Release|x86
	EndGlobalSection
	GlobalSection(SolutionProperties) = preSolution
		HideSolutionNode = FALSE
	EndGlobalSection
EndGlobal
