
Microsoft Visual Studio Solution File, Format Version 11.00
# Visual Studio 2010
Project("{FAE04EC0-301F-11D3-BF4B-00C04F79EFBC}") = "DemoMSChartingForWeb", "DemoMSChartingForWeb\DemoMSChartingForWeb.csproj", "{A26EA0EB-2867-47E0-A31A-B5E587AA5AEC}"
EndProject
Project("{FAE04EC0-301F-11D3-BF4B-00C04F79EFBC}") = "Viziblr.WebCharting", "Viziblr.WebCharting\Viziblr.WebCharting.csproj", "{31F3A084-CFD7-407F-BCFE-C651C22EDF96}"
EndProject
Project("{FAE04EC0-301F-11D3-BF4B-00C04F79EFBC}") = "Viziblr.Colorspace", "..\..\Libraries\Viziblr.Colorspace\Viziblr.Colorspace.csproj", "{61AE4276-825B-480D-A89E-39EB3C326CBC}"
EndProject
Global
	GlobalSection(SolutionConfigurationPlatforms) = preSolution
		Debug|Any CPU = Debug|Any CPU
		Release|Any CPU = Release|Any CPU
	EndGlobalSection
	GlobalSection(ProjectConfigurationPlatforms) = postSolution
		{A26EA0EB-2867-47E0-A31A-B5E587AA5AEC}.Debug|Any CPU.ActiveCfg = Debug|Any CPU
		{A26EA0EB-2867-47E0-A31A-B5E587AA5AEC}.Debug|Any CPU.Build.0 = Debug|Any CPU
		{A26EA0EB-2867-47E0-A31A-B5E587AA5AEC}.Release|Any CPU.ActiveCfg = Release|Any CPU
		{A26EA0EB-2867-47E0-A31A-B5E587AA5AEC}.Release|Any CPU.Build.0 = Release|Any CPU
		{31F3A084-CFD7-407F-BCFE-C651C22EDF96}.Debug|Any CPU.ActiveCfg = Debug|Any CPU
		{31F3A084-CFD7-407F-BCFE-C651C22EDF96}.Debug|Any CPU.Build.0 = Debug|Any CPU
		{31F3A084-CFD7-407F-BCFE-C651C22EDF96}.Release|Any CPU.ActiveCfg = Release|Any CPU
		{31F3A084-CFD7-407F-BCFE-C651C22EDF96}.Release|Any CPU.Build.0 = Release|Any CPU
		{61AE4276-825B-480D-A89E-39EB3C326CBC}.Debug|Any CPU.ActiveCfg = Debug|Any CPU
		{61AE4276-825B-480D-A89E-39EB3C326CBC}.Debug|Any CPU.Build.0 = Debug|Any CPU
		{61AE4276-825B-480D-A89E-39EB3C326CBC}.Release|Any CPU.ActiveCfg = Release|Any CPU
		{61AE4276-825B-480D-A89E-39EB3C326CBC}.Release|Any CPU.Build.0 = Release|Any CPU
	EndGlobalSection
	GlobalSection(SolutionProperties) = preSolution
		HideSolutionNode = FALSE
	EndGlobalSection
EndGlobal
