Microsoft Visual Studio Solution File, Format Version 8.00
Project("{FAE04EC0-301F-11D3-BF4B-00C04F79EFBC}") = "enumarp", "enumarp.csproj", "{1084142D-83A7-4CF6-8361-261EE25F04D3}"
	ProjectSection(ProjectDependencies) = postProject
	EndProjectSection
EndProject
Global
	GlobalSection(SolutionConfiguration) = preSolution
		Debug = Debug
		Release = Release
	EndGlobalSection
	GlobalSection(ProjectConfiguration) = postSolution
		{1084142D-83A7-4CF6-8361-261EE25F04D3}.Debug.ActiveCfg = Debug|.NET
		{1084142D-83A7-4CF6-8361-261EE25F04D3}.Debug.Build.0 = Debug|.NET
		{1084142D-83A7-4CF6-8361-261EE25F04D3}.Release.ActiveCfg = Release|.NET
		{1084142D-83A7-4CF6-8361-261EE25F04D3}.Release.Build.0 = Release|.NET
	EndGlobalSection
	GlobalSection(ExtensibilityGlobals) = postSolution
	EndGlobalSection
	GlobalSection(ExtensibilityAddIns) = postSolution
	EndGlobalSection
EndGlobal
